
Microsoft Visual Studio Solution File, Format Version 12.00
# Visual Studio Version 16
VisualStudioVersion = 16.0.29509.3
MinimumVisualStudioVersion = 10.0.40219.1
Project("{2150E333-8FDC-42A3-9474-1A3956D46DE8}") = "src", "src", "{698FD3F8-CADF-4877-801C-EF6FA55E0ED6}"
EndProject
Project("{2150E333-8FDC-42A3-9474-1A3956D46DE8}") = "test", "test", "{A30DFCAB-58CA-4621-8DC1-FB0D497868D9}"
EndProject
Project("{FAE04EC0-301F-11D3-BF4B-00C04F79EFBC}") = "Cecs475.Lab1.Model", "src\Cecs475.Lab1.Model\Cecs475.Lab1.Model.csproj", "{9E55B081-FCD1-451C-8B7A-30557109D970}"
EndProject
Project("{FAE04EC0-301F-11D3-BF4B-00C04F79EFBC}") = "Cecs475.Lab1.App", "src\Cecs475.Lab1.App\Cecs475.Lab1.App.csproj", "{ADC07AA9-52F9-4416-8F03-0D2C5E92DBCD}"
EndProject
Global
	GlobalSection(SolutionConfigurationPlatforms) = preSolution
		Debug|Any CPU = Debug|Any CPU
		Release|Any CPU = Release|Any CPU
	EndGlobalSection
	GlobalSection(ProjectConfigurationPlatforms) = postSolution
		{9E55B081-FCD1-451C-8B7A-30557109D970}.Debug|Any CPU.ActiveCfg = Debug|Any CPU
		{9E55B081-FCD1-451C-8B7A-30557109D970}.Debug|Any CPU.Build.0 = Debug|Any CPU
		{9E55B081-FCD1-451C-8B7A-30557109D970}.Release|Any CPU.ActiveCfg = Release|Any CPU
		{9E55B081-FCD1-451C-8B7A-30557109D970}.Release|Any CPU.Build.0 = Release|Any CPU
		{ADC07AA9-52F9-4416-8F03-0D2C5E92DBCD}.Debug|Any CPU.ActiveCfg = Debug|Any CPU
		{ADC07AA9-52F9-4416-8F03-0D2C5E92DBCD}.Debug|Any CPU.Build.0 = Debug|Any CPU
		{ADC07AA9-52F9-4416-8F03-0D2C5E92DBCD}.Release|Any CPU.ActiveCfg = Release|Any CPU
		{ADC07AA9-52F9-4416-8F03-0D2C5E92DBCD}.Release|Any CPU.Build.0 = Release|Any CPU
	EndGlobalSection
	GlobalSection(SolutionProperties) = preSolution
		HideSolutionNode = FALSE
	EndGlobalSection
	GlobalSection(NestedProjects) = preSolution
		{9E55B081-FCD1-451C-8B7A-30557109D970} = {698FD3F8-CADF-4877-801C-EF6FA55E0ED6}
		{ADC07AA9-52F9-4416-8F03-0D2C5E92DBCD} = {698FD3F8-CADF-4877-801C-EF6FA55E0ED6}
	EndGlobalSection
	GlobalSection(ExtensibilityGlobals) = postSolution
		SolutionGuid = {A30AC8BF-6046-4686-88C4-FBC0AA85A8F3}
	EndGlobalSection
EndGlobal
